
Microsoft Visual Studio Solution File, Format Version 12.00
# Visual Studio Version 16
VisualStudioVersion = 16.0.30104.148
MinimumVisualStudioVersion = 10.0.40219.1
Project("{9A19103F-16F7-4668-BE54-9A1E7A4F7556}") = "IdentityServer", "src\IdentityServer\IdentityServer.csproj", "{84736BFF-9954-4B08-ABF6-80E9C2E309DD}"
EndProject
Project("{2150E333-8FDC-42A3-9474-1A3956D46DE8}") = "src", "src", "{187C552C-62E8-4E72-BDDE-38ACFA29E238}"
EndProject
Global
	GlobalSection(SolutionConfigurationPlatforms) = preSolution
		Debug|Any CPU = Debug|Any CPU
		Release|Any CPU = Release|Any CPU
	EndGlobalSection
	GlobalSection(ProjectConfigurationPlatforms) = postSolution
		{84736BFF-9954-4B08-ABF6-80E9C2E309DD}.Debug|Any CPU.ActiveCfg = Debug|Any CPU
		{84736BFF-9954-4B08-ABF6-80E9C2E309DD}.Debug|Any CPU.Build.0 = Debug|Any CPU
		{84736BFF-9954-4B08-ABF6-80E9C2E309DD}.Release|Any CPU.ActiveCfg = Release|Any CPU
		{84736BFF-9954-4B08-ABF6-80E9C2E309DD}.Release|Any CPU.Build.0 = Release|Any CPU
	EndGlobalSection
	GlobalSection(SolutionProperties) = preSolution
		HideSolutionNode = FALSE
	EndGlobalSection
	GlobalSection(NestedProjects) = preSolution
		{84736BFF-9954-4B08-ABF6-80E9C2E309DD} = {187C552C-62E8-4E72-BDDE-38ACFA29E238}
	EndGlobalSection
	GlobalSection(ExtensibilityGlobals) = postSolution
		SolutionGuid = {BB084A4E-4A1F-4706-9B1C-1E9B56C07A94}
	EndGlobalSection
EndGlobal
