
Microsoft Visual Studio Solution File, Format Version 12.00
# Visual Studio Version 16
VisualStudioVersion = 16.0.30104.148
MinimumVisualStudioVersion = 10.0.40219.1
Project("{2150E333-8FDC-42A3-9474-1A3956D46DE8}") = "src", "src", "{111457B5-E8D3-43A6-8516-8D2F3715DF64}"
EndProject
Project("{FAE04EC0-301F-11D3-BF4B-00C04F79EFBC}") = "Api", "src\Api\Api.csproj", "{DC38A6B4-9D89-40ED-9277-40FE620D3E82}"
EndProject
Global
	GlobalSection(SolutionConfigurationPlatforms) = preSolution
		Debug|Any CPU = Debug|Any CPU
		Release|Any CPU = Release|Any CPU
	EndGlobalSection
	GlobalSection(ProjectConfigurationPlatforms) = postSolution
		{DC38A6B4-9D89-40ED-9277-40FE620D3E82}.Debug|Any CPU.ActiveCfg = Debug|Any CPU
		{DC38A6B4-9D89-40ED-9277-40FE620D3E82}.Debug|Any CPU.Build.0 = Debug|Any CPU
		{DC38A6B4-9D89-40ED-9277-40FE620D3E82}.Release|Any CPU.ActiveCfg = Release|Any CPU
		{DC38A6B4-9D89-40ED-9277-40FE620D3E82}.Release|Any CPU.Build.0 = Release|Any CPU
	EndGlobalSection
	GlobalSection(SolutionProperties) = preSolution
		HideSolutionNode = FALSE
	EndGlobalSection
	GlobalSection(NestedProjects) = preSolution
		{DC38A6B4-9D89-40ED-9277-40FE620D3E82} = {111457B5-E8D3-43A6-8516-8D2F3715DF64}
	EndGlobalSection
	GlobalSection(ExtensibilityGlobals) = postSolution
		SolutionGuid = {8AE5BAFD-5210-4802-B550-C67F59DD2B9F}
	EndGlobalSection
EndGlobal
